// !$*UTF8*$!
{
	archiveVersion = 1;
	classes = {
	};
	objectVersion = 56;
	objects = {

/* Begin PBXBuildFile section */
		030114DF2A7C1B2400C3D5BF /* blossomwords_grammarApp.swift in Sources */ = {isa = PBXBuildFile; fileRef = 030114DE2A7C1B2400C3D5BF /* blossomwords_grammarApp.swift */; };
		030114E12A7C1B2400C3D5BF /* ContentView.swift in Sources */ = {isa = PBXBuildFile; fileRef = 030114E02A7C1B2400C3D5BF /* ContentView.swift */; };
		030114E32A7C1B2500C3D5BF /* Assets.xcassets in Resources */ = {isa = PBXBuildFile; fileRef = 030114E22A7C1B2500C3D5BF /* Assets.xcassets */; };
		030114E62A7C1B2500C3D5BF /* Preview Assets.xcassets in Resources */ = {isa = PBXBuildFile; fileRef = 030114E52A7C1B2500C3D5BF /* Preview Assets.xcassets */; };
		030114F02A7C1B2600C3D5BF /* blossomwords_grammarTests.swift in Sources */ = {isa = PBXBuildFile; fileRef = 030114EF2A7C1B2600C3D5BF /* blossomwords_grammarTests.swift */; };
		030114FA2A7C1B2600C3D5BF /* blossomwords_grammarUITests.swift in Sources */ = {isa = PBXBuildFile; fileRef = 030114F92A7C1B2600C3D5BF /* blossomwords_grammarUITests.swift */; };
		030114FC2A7C1B2600C3D5BF /* blossomwords_grammarUITestsLaunchTests.swift in Sources */ = {isa = PBXBuildFile; fileRef = 030114FB2A7C1B2600C3D5BF /* blossomwords_grammarUITestsLaunchTests.swift */; };
		030115092A7C1FAC00C3D5BF /* CHAT.swift in Sources */ = {isa = PBXBuildFile; fileRef = 030115082A7C1FAC00C3D5BF /* CHAT.swift */; };
/* End PBXBuildFile section */

/* Begin PBXContainerItemProxy section */
		030114EC2A7C1B2500C3D5BF /* PBXContainerItemProxy */ = {
			isa = PBXContainerItemProxy;
			containerPortal = 030114D32A7C1B2300C3D5BF /* Project object */;
			proxyType = 1;
			remoteGlobalIDString = 030114DA2A7C1B2400C3D5BF;
			remoteInfo = "blossomwords-grammar";
		};
		030114F62A7C1B2600C3D5BF /* PBXContainerItemProxy */ = {
			isa = PBXContainerItemProxy;
			containerPortal = 030114D32A7C1B2300C3D5BF /* Project object */;
			proxyType = 1;
			remoteGlobalIDString = 030114DA2A7C1B2400C3D5BF;
			remoteInfo = "blossomwords-grammar";
		};
/* End PBXContainerItemProxy section */

/* Begin PBXFileReference section */
		030114DB2A7C1B2400C3D5BF /* blossomwords-grammar.app */ = {isa = PBXFileReference; explicitFileType = wrapper.application; includeInIndex = 0; path = "blossomwords-grammar.app"; sourceTree = BUILT_PRODUCTS_DIR; };
		030114DE2A7C1B2400C3D5BF /* blossomwords_grammarApp.swift */ = {isa = PBXFileReference; lastKnownFileType = sourcecode.swift; path = blossomwords_grammarApp.swift; sourceTree = "<group>"; };
		030114E02A7C1B2400C3D5BF /* ContentView.swift */ = {isa = PBXFileReference; lastKnownFileType = sourcecode.swift; path = ContentView.swift; sourceTree = "<group>"; };
		030114E22A7C1B2500C3D5BF /* Assets.xcassets */ = {isa = PBXFileReference; lastKnownFileType = folder.assetcatalog; path = Assets.xcassets; sourceTree = "<group>"; };
		030114E52A7C1B2500C3D5BF /* Preview Assets.xcassets */ = {isa = PBXFileReference; lastKnownFileType = folder.assetcatalog; path = "Preview Assets.xcassets"; sourceTree = "<group>"; };
		030114EB2A7C1B2500C3D5BF /* blossomwords-grammarTests.xctest */ = {isa = PBXFileReference; explicitFileType = wrapper.cfbundle; includeInIndex = 0; path = "blossomwords-grammarTests.xctest"; sourceTree = BUILT_PRODUCTS_DIR; };
		030114EF2A7C1B2600C3D5BF /* blossomwords_grammarTests.swift */ = {isa = PBXFileReference; lastKnownFileType = sourcecode.swift; path = blossomwords_grammarTests.swift; sourceTree = "<group>"; };
		030114F52A7C1B2600C3D5BF /* blossomwords-grammarUITests.xctest */ = {isa = PBXFileReference; explicitFileType = wrapper.cfbundle; includeInIndex = 0; path = "blossomwords-grammarUITests.xctest"; sourceTree = BUILT_PRODUCTS_DIR; };
		030114F92A7C1B2600C3D5BF /* blossomwords_grammarUITests.swift */ = {isa = PBXFileReference; lastKnownFileType = sourcecode.swift; path = blossomwords_grammarUITests.swift; sourceTree = "<group>"; };
		030114FB2A7C1B2600C3D5BF /* blossomwords_grammarUITestsLaunchTests.swift */ = {isa = PBXFileReference; lastKnownFileType = sourcecode.swift; path = blossomwords_grammarUITestsLaunchTests.swift; sourceTree = "<group>"; };
		030115082A7C1FAC00C3D5BF /* CHAT.swift */ = {isa = PBXFileReference; lastKnownFileType = sourcecode.swift; path = CHAT.swift; sourceTree = "<group>"; };
/* End PBXFileReference section */

/* Begin PBXFrameworksBuildPhase section */
		030114D82A7C1B2400C3D5BF /* Frameworks */ = {
			isa = PBXFrameworksBuildPhase;
			buildActionMask = 2147483647;
			files = (
			);
			runOnlyForDeploymentPostprocessing = 0;
		};
		030114E82A7C1B2500C3D5BF /* Frameworks */ = {
			isa = PBXFrameworksBuildPhase;
			buildActionMask = 2147483647;
			files = (
			);
			runOnlyForDeploymentPostprocessing = 0;
		};
		030114F22A7C1B2600C3D5BF /* Frameworks */ = {
			isa = PBXFrameworksBuildPhase;
			buildActionMask = 2147483647;
			files = (
			);
			runOnlyForDeploymentPostprocessing = 0;
		};
/* End PBXFrameworksBuildPhase section */

/* Begin PBXGroup section */
		030114D22A7C1B2300C3D5BF = {
			isa = PBXGroup;
			children = (
				030114DD2A7C1B2400C3D5BF /* blossomwords-grammar */,
				030114EE2A7C1B2600C3D5BF /* blossomwords-grammarTests */,
				030114F82A7C1B2600C3D5BF /* blossomwords-grammarUITests */,
				030114DC2A7C1B2400C3D5BF /* Products */,
			);
			sourceTree = "<group>";
		};
		030114DC2A7C1B2400C3D5BF /* Products */ = {
			isa = PBXGroup;
			children = (
				030114DB2A7C1B2400C3D5BF /* blossomwords-grammar.app */,
				030114EB2A7C1B2500C3D5BF /* blossomwords-grammarTests.xctest */,
				030114F52A7C1B2600C3D5BF /* blossomwords-grammarUITests.xctest */,
			);
			name = Products;
			sourceTree = "<group>";
		};
		030114DD2A7C1B2400C3D5BF /* blossomwords-grammar */ = {
			isa = PBXGroup;
			children = (
				030114DE2A7C1B2400C3D5BF /* blossomwords_grammarApp.swift */,
				030114E02A7C1B2400C3D5BF /* ContentView.swift */,
				030115082A7C1FAC00C3D5BF /* CHAT.swift */,
				030114E22A7C1B2500C3D5BF /* Assets.xcassets */,
				030114E42A7C1B2500C3D5BF /* Preview Content */,
			);
			path = "blossomwords-grammar";
			sourceTree = "<group>";
		};
		030114E42A7C1B2500C3D5BF /* Preview Content */ = {
			isa = PBXGroup;
			children = (
				030114E52A7C1B2500C3D5BF /* Preview Assets.xcassets */,
			);
			path = "Preview Content";
			sourceTree = "<group>";
		};
		030114EE2A7C1B2600C3D5BF /* blossomwords-grammarTests */ = {
			isa = PBXGroup;
			children = (
				030114EF2A7C1B2600C3D5BF /* blossomwords_grammarTests.swift */,
			);
			path = "blossomwords-grammarTests";
			sourceTree = "<group>";
		};
		030114F82A7C1B2600C3D5BF /* blossomwords-grammarUITests */ = {
			isa = PBXGroup;
			children = (
				030114F92A7C1B2600C3D5BF /* blossomwords_grammarUITests.swift */,
				030114FB2A7C1B2600C3D5BF /* blossomwords_grammarUITestsLaunchTests.swift */,
			);
			path = "blossomwords-grammarUITests";
			sourceTree = "<group>";
		};
/* End PBXGroup section */

/* Begin PBXNativeTarget section */
		030114DA2A7C1B2400C3D5BF /* blossomwords-grammar */ = {
			isa = PBXNativeTarget;
			buildConfigurationList = 030114FF2A7C1B2600C3D5BF /* Build configuration list for PBXNativeTarget "blossomwords-grammar" */;
			buildPhases = (
				030114D72A7C1B2400C3D5BF /* Sources */,
				030114D82A7C1B2400C3D5BF /* Frameworks */,
				030114D92A7C1B2400C3D5BF /* Resources */,
			);
			buildRules = (
			);
			dependencies = (
			);
			name = "blossomwords-grammar";
			productName = "blossomwords-grammar";
			productReference = 030114DB2A7C1B2400C3D5BF /* blossomwords-grammar.app */;
			productType = "com.apple.product-type.application";
		};
		030114EA2A7C1B2500C3D5BF /* blossomwords-grammarTests */ = {
			isa = PBXNativeTarget;
			buildConfigurationList = 030115022A7C1B2600C3D5BF /* Build configuration list for PBXNativeTarget "blossomwords-grammarTests" */;
			buildPhases = (
				030114E72A7C1B2500C3D5BF /* Sources */,
				030114E82A7C1B2500C3D5BF /* Frameworks */,
				030114E92A7C1B2500C3D5BF /* Resources */,
			);
			buildRules = (
			);
			dependencies = (
				030114ED2A7C1B2500C3D5BF /* PBXTargetDependency */,
			);
			name = "blossomwords-grammarTests";
			productName = "blossomwords-grammarTests";
			productReference = 030114EB2A7C1B2500C3D5BF /* blossomwords-grammarTests.xctest */;
			productType = "com.apple.product-type.bundle.unit-test";
		};
		030114F42A7C1B2600C3D5BF /* blossomwords-grammarUITests */ = {
			isa = PBXNativeTarget;
			buildConfigurationList = 030115052A7C1B2600C3D5BF /* Build configuration list for PBXNativeTarget "blossomwords-grammarUITests" */;
			buildPhases = (
				030114F12A7C1B2600C3D5BF /* Sources */,
				030114F22A7C1B2600C3D5BF /* Frameworks */,
				030114F32A7C1B2600C3D5BF /* Resources */,
			);
			buildRules = (
			);
			dependencies = (
				030114F72A7C1B2600C3D5BF /* PBXTargetDependency */,
			);
			name = "blossomwords-grammarUITests";
			productName = "blossomwords-grammarUITests";
			productReference = 030114F52A7C1B2600C3D5BF /* blossomwords-grammarUITests.xctest */;
			productType = "com.apple.product-type.bundle.ui-testing";
		};
/* End PBXNativeTarget section */

/* Begin PBXProject section */
		030114D32A7C1B2300C3D5BF /* Project object */ = {
			isa = PBXProject;
			attributes = {
				BuildIndependentTargetsInParallel = 1;
				LastSwiftUpdateCheck = 1430;
				LastUpgradeCheck = 1430;
				TargetAttributes = {
					030114DA2A7C1B2400C3D5BF = {
						CreatedOnToolsVersion = 14.3.1;
					};
					030114EA2A7C1B2500C3D5BF = {
						CreatedOnToolsVersion = 14.3.1;
						TestTargetID = 030114DA2A7C1B2400C3D5BF;
					};
					030114F42A7C1B2600C3D5BF = {
						CreatedOnToolsVersion = 14.3.1;
						TestTargetID = 030114DA2A7C1B2400C3D5BF;
					};
				};
			};
			buildConfigurationList = 030114D62A7C1B2300C3D5BF /* Build configuration list for PBXProject "blossomwords-grammar" */;
			compatibilityVersion = "Xcode 14.0";
			developmentRegion = en;
			hasScannedForEncodings = 0;
			knownRegions = (
				en,
				Base,
			);
			mainGroup = 030114D22A7C1B2300C3D5BF;
			productRefGroup = 030114DC2A7C1B2400C3D5BF /* Products */;
			projectDirPath = "";
			projectRoot = "";
			targets = (
				030114DA2A7C1B2400C3D5BF /* blossomwords-grammar */,
				030114EA2A7C1B2500C3D5BF /* blossomwords-grammarTests */,
				030114F42A7C1B2600C3D5BF /* blossomwords-grammarUITests */,
			);
		};
/* End PBXProject section */

/* Begin PBXResourcesBuildPhase section */
		030114D92A7C1B2400C3D5BF /* Resources */ = {
			isa = PBXResourcesBuildPhase;
			buildActionMask = 2147483647;
			files = (
				030114E62A7C1B2500C3D5BF /* Preview Assets.xcassets in Resources */,
				030114E32A7C1B2500C3D5BF /* Assets.xcassets in Resources */,
			);
			runOnlyForDeploymentPostprocessing = 0;
		};
		030114E92A7C1B2500C3D5BF /* Resources */ = {
			isa = PBXResourcesBuildPhase;
			buildActionMask = 2147483647;
			files = (
			);
			runOnlyForDeploymentPostprocessing = 0;
		};
		030114F32A7C1B2600C3D5BF /* Resources */ = {
			isa = PBXResourcesBuildPhase;
			buildActionMask = 2147483647;
			files = (
			);
			runOnlyForDeploymentPostprocessing = 0;
		};
/* End PBXResourcesBuildPhase section */

/* Begin PBXSourcesBuildPhase section */
		030114D72A7C1B2400C3D5BF /* Sources */ = {
			isa = PBXSourcesBuildPhase;
			buildActionMask = 2147483647;
			files = (
				030114E12A7C1B2400C3D5BF /* ContentView.swift in Sources */,
				030114DF2A7C1B2400C3D5BF /* blossomwords_grammarApp.swift in Sources */,
				030115092A7C1FAC00C3D5BF /* CHAT.swift in Sources */,
			);
			runOnlyForDeploymentPostprocessing = 0;
		};
		030114E72A7C1B2500C3D5BF /* Sources */ = {
			isa = PBXSourcesBuildPhase;
			buildActionMask = 2147483647;
			files = (
				030114F02A7C1B2600C3D5BF /* blossomwords_grammarTests.swift in Sources */,
			);
			runOnlyForDeploymentPostprocessing = 0;
		};
		030114F12A7C1B2600C3D5BF /* Sources */ = {
			isa = PBXSourcesBuildPhase;
			buildActionMask = 2147483647;
			files = (
				030114FC2A7C1B2600C3D5BF /* blossomwords_grammarUITestsLaunchTests.swift in Sources */,
				030114FA2A7C1B2600C3D5BF /* blossomwords_grammarUITests.swift in Sources */,
			);
			runOnlyForDeploymentPostprocessing = 0;
		};
/* End PBXSourcesBuildPhase section */

/* Begin PBXTargetDependency section */
		030114ED2A7C1B2500C3D5BF /* PBXTargetDependency */ = {
			isa = PBXTargetDependency;
			target = 030114DA2A7C1B2400C3D5BF /* blossomwords-grammar */;
			targetProxy = 030114EC2A7C1B2500C3D5BF /* PBXContainerItemProxy */;
		};
		030114F72A7C1B2600C3D5BF /* PBXTargetDependency */ = {
			isa = PBXTargetDependency;
			target = 030114DA2A7C1B2400C3D5BF /* blossomwords-grammar */;
			targetProxy = 030114F62A7C1B2600C3D5BF /* PBXContainerItemProxy */;
		};
/* End PBXTargetDependency section */

/* Begin XCBuildConfiguration section */
		030114FD2A7C1B2600C3D5BF /* Debug */ = {
			isa = XCBuildConfiguration;
			buildSettings = {
				ALWAYS_SEARCH_USER_PATHS = NO;
				CLANG_ANALYZER_NONNULL = YES;
				CLANG_ANALYZER_NUMBER_OBJECT_CONVERSION = YES_AGGRESSIVE;
				CLANG_CXX_LANGUAGE_STANDARD = "gnu++20";
				CLANG_ENABLE_MODULES = YES;
				CLANG_ENABLE_OBJC_ARC = YES;
				CLANG_ENABLE_OBJC_WEAK = YES;
				CLANG_WARN_BLOCK_CAPTURE_AUTORELEASING = YES;
				CLANG_WARN_BOOL_CONVERSION = YES;
				CLANG_WARN_COMMA = YES;
				CLANG_WARN_CONSTANT_CONVERSION = YES;
				CLANG_WARN_DEPRECATED_OBJC_IMPLEMENTATIONS = YES;
				CLANG_WARN_DIRECT_OBJC_ISA_USAGE = YES_ERROR;
				CLANG_WARN_DOCUMENTATION_COMMENTS = YES;
				CLANG_WARN_EMPTY_BODY = YES;
				CLANG_WARN_ENUM_CONVERSION = YES;
				CLANG_WARN_INFINITE_RECURSION = YES;
				CLANG_WARN_INT_CONVERSION = YES;
				CLANG_WARN_NON_LITERAL_NULL_CONVERSION = YES;
				CLANG_WARN_OBJC_IMPLICIT_RETAIN_SELF = YES;
				CLANG_WARN_OBJC_LITERAL_CONVERSION = YES;
				CLANG_WARN_OBJC_ROOT_CLASS = YES_ERROR;
				CLANG_WARN_QUOTED_INCLUDE_IN_FRAMEWORK_HEADER = YES;
				CLANG_WARN_RANGE_LOOP_ANALYSIS = YES;
				CLANG_WARN_STRICT_PROTOTYPES = YES;
				CLANG_WARN_SUSPICIOUS_MOVE = YES;
				CLANG_WARN_UNGUARDED_AVAILABILITY = YES_AGGRESSIVE;
				CLANG_WARN_UNREACHABLE_CODE = YES;
				CLANG_WARN__DUPLICATE_METHOD_MATCH = YES;
				COPY_PHASE_STRIP = NO;
				DEBUG_INFORMATION_FORMAT = dwarf;
				ENABLE_STRICT_OBJC_MSGSEND = YES;
				ENABLE_TESTABILITY = YES;
				GCC_C_LANGUAGE_STANDARD = gnu11;
				GCC_DYNAMIC_NO_PIC = NO;
				GCC_NO_COMMON_BLOCKS = YES;
				GCC_OPTIMIZATION_LEVEL = 0;
				GCC_PREPROCESSOR_DEFINITIONS = (
					"DEBUG=1",
					"$(inherited)",
				);
				GCC_WARN_64_TO_32_BIT_CONVERSION = YES;
				GCC_WARN_ABOUT_RETURN_TYPE = YES_ERROR;
				GCC_WARN_UNDECLARED_SELECTOR = YES;
				GCC_WARN_UNINITIALIZED_AUTOS = YES_AGGRESSIVE;
				GCC_WARN_UNUSED_FUNCTION = YES;
				GCC_WARN_UNUSED_VARIABLE = YES;
				IPHONEOS_DEPLOYMENT_TARGET = 16.4;
				MTL_ENABLE_DEBUG_INFO = INCLUDE_SOURCE;
				MTL_FAST_MATH = YES;
				ONLY_ACTIVE_ARCH = YES;
				SDKROOT = iphoneos;
				SWIFT_ACTIVE_COMPILATION_CONDITIONS = DEBUG;
				SWIFT_OPTIMIZATION_LEVEL = "-Onone";
			};
			name = Debug;
		};
		030114FE2A7C1B2600C3D5BF /* Release */ = {
			isa = XCBuildConfiguration;
			buildSettings = {
				ALWAYS_SEARCH_USER_PATHS = NO;
				CLANG_ANALYZER_NONNULL = YES;
				CLANG_ANALYZER_NUMBER_OBJECT_CONVERSION = YES_AGGRESSIVE;
				CLANG_CXX_LANGUAGE_STANDARD = "gnu++20";
				CLANG_ENABLE_MODULES = YES;
				CLANG_ENABLE_OBJC_ARC = YES;
				CLANG_ENABLE_OBJC_WEAK = YES;
				CLANG_WARN_BLOCK_CAPTURE_AUTORELEASING = YES;
				CLANG_WARN_BOOL_CONVERSION = YES;
				CLANG_WARN_COMMA = YES;
				CLANG_WARN_CONSTANT_CONVERSION = YES;
				CLANG_WARN_DEPRECATED_OBJC_IMPLEMENTATIONS = YES;
				CLANG_WARN_DIRECT_OBJC_ISA_USAGE = YES_ERROR;
				CLANG_WARN_DOCUMENTATION_COMMENTS = YES;
				CLANG_WARN_EMPTY_BODY = YES;
				CLANG_WARN_ENUM_CONVERSION = YES;
				CLANG_WARN_INFINITE_RECURSION = YES;
				CLANG_WARN_INT_CONVERSION = YES;
				CLANG_WARN_NON_LITERAL_NULL_CONVERSION = YES;
				CLANG_WARN_OBJC_IMPLICIT_RETAIN_SELF = YES;
				CLANG_WARN_OBJC_LITERAL_CONVERSION = YES;
				CLANG_WARN_OBJC_ROOT_CLASS = YES_ERROR;
				CLANG_WARN_QUOTED_INCLUDE_IN_FRAMEWORK_HEADER = YES;
				CLANG_WARN_RANGE_LOOP_ANALYSIS = YES;
				CLANG_WARN_STRICT_PROTOTYPES = YES;
				CLANG_WARN_SUSPICIOUS_MOVE = YES;
				CLANG_WARN_UNGUARDED_AVAILABILITY = YES_AGGRESSIVE;
				CLANG_WARN_UNREACHABLE_CODE = YES;
				CLANG_WARN__DUPLICATE_METHOD_MATCH = YES;
				COPY_PHASE_STRIP = NO;
				DEBUG_INFORMATION_FORMAT = "dwarf-with-dsym";
				ENABLE_NS_ASSERTIONS = NO;
				ENABLE_STRICT_OBJC_MSGSEND = YES;
				GCC_C_LANGUAGE_STANDARD = gnu11;
				GCC_NO_COMMON_BLOCKS = YES;
				GCC_WARN_64_TO_32_BIT_CONVERSION = YES;
				GCC_WARN_ABOUT_RETURN_TYPE = YES_ERROR;
				GCC_WARN_UNDECLARED_SELECTOR = YES;
				GCC_WARN_UNINITIALIZED_AUTOS = YES_AGGRESSIVE;
				GCC_WARN_UNUSED_FUNCTION = YES;
				GCC_WARN_UNUSED_VARIABLE = YES;
				IPHONEOS_DEPLOYMENT_TARGET = 16.4;
				MTL_ENABLE_DEBUG_INFO = NO;
				MTL_FAST_MATH = YES;
				SDKROOT = iphoneos;
				SWIFT_COMPILATION_MODE = wholemodule;
				SWIFT_OPTIMIZATION_LEVEL = "-O";
				VALIDATE_PRODUCT = YES;
			};
			name = Release;
		};
		030115002A7C1B2600C3D5BF /* Debug */ = {
			isa = XCBuildConfiguration;
			buildSettings = {
				ASSETCATALOG_COMPILER_APPICON_NAME = AppIcon;
				ASSETCATALOG_COMPILER_GLOBAL_ACCENT_COLOR_NAME = AccentColor;
				CODE_SIGN_STYLE = Automatic;
				CURRENT_PROJECT_VERSION = 1;
				DEVELOPMENT_ASSET_PATHS = "\"blossomwords-grammar/Preview Content\"";
				ENABLE_PREVIEWS = YES;
				GENERATE_INFOPLIST_FILE = YES;
				INFOPLIST_KEY_UIApplicationSceneManifest_Generation = YES;
				INFOPLIST_KEY_UIApplicationSupportsIndirectInputEvents = YES;
				INFOPLIST_KEY_UILaunchScreen_Generation = YES;
				INFOPLIST_KEY_UISupportedInterfaceOrientations_iPad = "UIInterfaceOrientationPortrait UIInterfaceOrientationPortraitUpsideDown UIInterfaceOrientationLandscapeLeft UIInterfaceOrientationLandscapeRight";
				INFOPLIST_KEY_UISupportedInterfaceOrientations_iPhone = "UIInterfaceOrientationPortrait UIInterfaceOrientationLandscapeLeft UIInterfaceOrientationLandscapeRight";
				LD_RUNPATH_SEARCH_PATHS = (
					"$(inherited)",
					"@executable_path/Frameworks",
				);
				MARKETING_VERSION = 1.0;
				PRODUCT_BUNDLE_IDENTIFIER = "KWK.blossomwords-grammar";
				PRODUCT_NAME = "$(TARGET_NAME)";
				SWIFT_EMIT_LOC_STRINGS = YES;
				SWIFT_VERSION = 5.0;
				TARGETED_DEVICE_FAMILY = "1,2";
			};
			name = Debug;
		};
		030115012A7C1B2600C3D5BF /* Release */ = {
			isa = XCBuildConfiguration;
			buildSettings = {
				ASSETCATALOG_COMPILER_APPICON_NAME = AppIcon;
				ASSETCATALOG_COMPILER_GLOBAL_ACCENT_COLOR_NAME = AccentColor;
				CODE_SIGN_STYLE = Automatic;
				CURRENT_PROJECT_VERSION = 1;
				DEVELOPMENT_ASSET_PATHS = "\"blossomwords-grammar/Preview Content\"";
				ENABLE_PREVIEWS = YES;
				GENERATE_INFOPLIST_FILE = YES;
				INFOPLIST_KEY_UIApplicationSceneManifest_Generation = YES;
				INFOPLIST_KEY_UIApplicationSupportsIndirectInputEvents = YES;
				INFOPLIST_KEY_UILaunchScreen_Generation = YES;
				INFOPLIST_KEY_UISupportedInterfaceOrientations_iPad = "UIInterfaceOrientationPortrait UIInterfaceOrientationPortraitUpsideDown UIInterfaceOrientationLandscapeLeft UIInterfaceOrientationLandscapeRight";
				INFOPLIST_KEY_UISupportedInterfaceOrientations_iPhone = "UIInterfaceOrientationPortrait UIInterfaceOrientationLandscapeLeft UIInterfaceOrientationLandscapeRight";
				LD_RUNPATH_SEARCH_PATHS = (
					"$(inherited)",
					"@executable_path/Frameworks",
				);
				MARKETING_VERSION = 1.0;
				PRODUCT_BUNDLE_IDENTIFIER = "KWK.blossomwords-grammar";
				PRODUCT_NAME = "$(TARGET_NAME)";
				SWIFT_EMIT_LOC_STRINGS = YES;
				SWIFT_VERSION = 5.0;
				TARGETED_DEVICE_FAMILY = "1,2";
			};
			name = Release;
		};
		030115032A7C1B2600C3D5BF /* Debug */ = {
			isa = XCBuildConfiguration;
			buildSettings = {
				ALWAYS_EMBED_SWIFT_STANDARD_LIBRARIES = YES;
				BUNDLE_LOADER = "$(TEST_HOST)";
				CODE_SIGN_STYLE = Automatic;
				CURRENT_PROJECT_VERSION = 1;
				GENERATE_INFOPLIST_FILE = YES;
				IPHONEOS_DEPLOYMENT_TARGET = 16.4;
				MARKETING_VERSION = 1.0;
				PRODUCT_BUNDLE_IDENTIFIER = "KWK.blossomwords-grammarTests";
				PRODUCT_NAME = "$(TARGET_NAME)";
				SWIFT_EMIT_LOC_STRINGS = NO;
				SWIFT_VERSION = 5.0;
				TARGETED_DEVICE_FAMILY = "1,2";
				TEST_HOST = "$(BUILT_PRODUCTS_DIR)/blossomwords-grammar.app/$(BUNDLE_EXECUTABLE_FOLDER_PATH)/blossomwords-grammar";
			};
			name = Debug;
		};
		030115042A7C1B2600C3D5BF /* Release */ = {
			isa = XCBuildConfiguration;
			buildSettings = {
				ALWAYS_EMBED_SWIFT_STANDARD_LIBRARIES = YES;
				BUNDLE_LOADER = "$(TEST_HOST)";
				CODE_SIGN_STYLE = Automatic;
				CURRENT_PROJECT_VERSION = 1;
				GENERATE_INFOPLIST_FILE = YES;
				IPHONEOS_DEPLOYMENT_TARGET = 16.4;
				MARKETING_VERSION = 1.0;
				PRODUCT_BUNDLE_IDENTIFIER = "KWK.blossomwords-grammarTests";
				PRODUCT_NAME = "$(TARGET_NAME)";
				SWIFT_EMIT_LOC_STRINGS = NO;
				SWIFT_VERSION = 5.0;
				TARGETED_DEVICE_FAMILY = "1,2";
				TEST_HOST = "$(BUILT_PRODUCTS_DIR)/blossomwords-grammar.app/$(BUNDLE_EXECUTABLE_FOLDER_PATH)/blossomwords-grammar";
			};
			name = Release;
		};
		030115062A7C1B2600C3D5BF /* Debug */ = {
			isa = XCBuildConfiguration;
			buildSettings = {
				ALWAYS_EMBED_SWIFT_STANDARD_LIBRARIES = YES;
				CODE_SIGN_STYLE = Automatic;
				CURRENT_PROJECT_VERSION = 1;
				GENERATE_INFOPLIST_FILE = YES;
				MARKETING_VERSION = 1.0;
				PRODUCT_BUNDLE_IDENTIFIER = "KWK.blossomwords-grammarUITests";
				PRODUCT_NAME = "$(TARGET_NAME)";
				SWIFT_EMIT_LOC_STRINGS = NO;
				SWIFT_VERSION = 5.0;
				TARGETED_DEVICE_FAMILY = "1,2";
				TEST_TARGET_NAME = "blossomwords-grammar";
			};
			name = Debug;
		};
		030115072A7C1B2600C3D5BF /* Release */ = {
			isa = XCBuildConfiguration;
			buildSettings = {
				ALWAYS_EMBED_SWIFT_STANDARD_LIBRARIES = YES;
				CODE_SIGN_STYLE = Automatic;
				CURRENT_PROJECT_VERSION = 1;
				GENERATE_INFOPLIST_FILE = YES;
				MARKETING_VERSION = 1.0;
				PRODUCT_BUNDLE_IDENTIFIER = "KWK.blossomwords-grammarUITests";
				PRODUCT_NAME = "$(TARGET_NAME)";
				SWIFT_EMIT_LOC_STRINGS = NO;
				SWIFT_VERSION = 5.0;
				TARGETED_DEVICE_FAMILY = "1,2";
				TEST_TARGET_NAME = "blossomwords-grammar";
			};
			name = Release;
		};
/* End XCBuildConfiguration section */

/* Begin XCConfigurationList section */
		030114D62A7C1B2300C3D5BF /* Build configuration list for PBXProject "blossomwords-grammar" */ = {
			isa = XCConfigurationList;
			buildConfigurations = (
				030114FD2A7C1B2600C3D5BF /* Debug */,
				030114FE2A7C1B2600C3D5BF /* Release */,
			);
			defaultConfigurationIsVisible = 0;
			defaultConfigurationName = Release;
		};
		030114FF2A7C1B2600C3D5BF /* Build configuration list for PBXNativeTarget "blossomwords-grammar" */ = {
			isa = XCConfigurationList;
			buildConfigurations = (
				030115002A7C1B2600C3D5BF /* Debug */,
				030115012A7C1B2600C3D5BF /* Release */,
			);
			defaultConfigurationIsVisible = 0;
			defaultConfigurationName = Release;
		};
		030115022A7C1B2600C3D5BF /* Build configuration list for PBXNativeTarget "blossomwords-grammarTests" */ = {
			isa = XCConfigurationList;
			buildConfigurations = (
				030115032A7C1B2600C3D5BF /* Debug */,
				030115042A7C1B2600C3D5BF /* Release */,
			);
			defaultConfigurationIsVisible = 0;
			defaultConfigurationName = Release;
		};
		030115052A7C1B2600C3D5BF /* Build configuration list for PBXNativeTarget "blossomwords-grammarUITests" */ = {
			isa = XCConfigurationList;
			buildConfigurations = (
				030115062A7C1B2600C3D5BF /* Debug */,
				030115072A7C1B2600C3D5BF /* Release */,
			);
			defaultConfigurationIsVisible = 0;
			defaultConfigurationName = Release;
		};
/* End XCConfigurationList section */
	};
	rootObject = 030114D32A7C1B2300C3D5BF /* Project object */;
}
